# THIS IS AN AUTOGENERATED FILE. DO NOT EDIT THIS FILE DIRECTLY.
assets/_theme.scss:
  development: 2017-08-15T15:08:36-04:00
  production: 2017-08-30T11:38:25-04:00   17dd17b6f2764384f98ae7596a7c53ff
assets/audio.min.js:
  development: 2017-08-26T14:37:52-04:00
  production: 2017-08-26T14:37:52-04:00   21257b9fbcd0f0304f082c568af3f3ca
assets/audiojs.swf:
  development: 2017-08-26T14:05:58-04:00
  production: 2017-08-26T14:05:58-04:00   d76895cb8812fee74fc5d7e8ce01c88b
assets/player-graphics.gif:
  development: 2017-08-26T14:05:57-04:00
  production: 2017-08-26T14:05:57-04:00   9a30a4e60ee49fba2db43a58363abce7
assets/theme.scss.liquid:
  development: 2017-08-24T18:37:33-04:00
  production: 2017-08-30T15:56:01-04:00   1dc973623d66f2674bdcf30a944afc27
layout/password.liquid:
  development: 2017-08-13T12:12:37-04:00
  production: 2017-08-26T14:42:35-04:00   f27320c4fa8121577cc538c45a6ffc7f
sections/article-gallery-template.liquid:
  development: 2017-08-19T14:47:23-04:00
  production: 2017-08-28T12:03:53-04:00   f19f51c1d23c1f3d5b19c7815e58e580
sections/blog-gallery-template.liquid:
  development: 2017-08-19T14:04:38-04:00
  production: 2017-08-28T15:53:34-04:00   57fd92e17977c97ecd566afa6930494b
sections/password-footer.liquid:
  development: 2017-08-11T14:24:37-04:00
  production: 2017-08-26T14:15:40-04:00   3b032031567e23c6c242a3537b54da1f
sections/sidebar.liquid:
  development: 2017-08-13T12:06:08-04:00
  production: 2017-08-30T14:01:57-04:00   879beae591830f7256900fe579fd0ffd
snippets/center-logo.liquid:
  development: 2017-08-12T17:51:19-04:00
  production: 2017-08-28T15:59:40-04:00   e74d6ff0978a960c999e9d38e2472643
snippets/icon-instagram.liquid:
  development: 2017-06-26T19:51:08-04:00
  production: 2017-08-28T12:09:39-04:00   77b8298e6fd38705b9bb345bc645553e
snippets/social-sharing.liquid:
  development: 2017-08-24T18:18:28-04:00
  production: 2017-08-28T12:11:44-04:00   63b590e2053be3015353897ba42dc139
templates/index.liquid:
  development: 2017-08-11T16:36:01-04:00
  production: 2017-08-28T15:57:38-04:00   9749a6acc976be3698fa4230b4e69e6e
templates/password.liquid:
  development: 2017-06-26T19:51:09-04:00
  production: 2017-09-03T01:28:38-04:00   30d1743d26765ce8c3fa53a3fdf9524f
