# THIS IS AN AUTOGENERATED FILE. DO NOT EDIT THIS FILE DIRECTLY.
assets/_theme.scss:
  development: 2017-09-10T01:04:49-04:00   17dd17b6f2764384f98ae7596a7c53ff
  production: 2017-09-10T01:04:49-04:00
assets/_theme.scss___jb_tmp___:
  development: '2017-09-10T01:20:22-04:00   '
assets/ajax-cart.js.liquid:
  development: 2017-09-10T01:05:25-04:00   5089d437026dde38c1918ea91324d35a
  production: 2017-09-10T01:05:25-04:00
assets/ajax-loader.gif:
  development: 2017-09-10T00:33:19-04:00   deca8b0ecd6974227d157b6d7068995d
  production: 2017-09-10T00:33:19-04:00
assets/arial-mt-bold-592b24ac0aef6.otf:
  development: '2017-09-10T01:04:24-04:00   '
  production: 2017-09-10T01:04:24-04:00
assets/arial-mt-bold-italic-592b24c910c91.otf:
  development: '2017-09-10T01:05:32-04:00   '
  production: 2017-09-10T01:05:32-04:00
assets/arial-mt-bold-italic-webfont.woff:
  development: 2017-09-10T01:05:29-04:00   34976920a52074dc1404ab57ef08adc2
  production: 2017-09-10T01:05:29-04:00
assets/arial-mt-bold-italic-webfont.woff2:
  development: 2017-09-10T01:04:55-04:00   5f9cec59283e053d865c97dd59b5b6f5
  production: 2017-09-10T01:04:55-04:00
assets/arial-mt-bold-italic.otf:
  development: 2017-09-10T01:05:12-04:00   15432839d16960df659785e32430ffac
  production: 2017-09-10T01:05:12-04:00
assets/arial-mt-bold-webfont.woff:
  development: 2017-09-10T01:05:01-04:00   d91eb567f0663a7476858df1ca4907c4
  production: 2017-09-10T01:05:01-04:00
assets/arial-mt-bold-webfont.woff2:
  development: 2017-09-10T01:05:27-04:00   1075299da5a24a535276dfa61f219cbf
  production: 2017-09-10T01:05:27-04:00
assets/arial-mt-bold.otf:
  development: 2017-09-10T01:04:37-04:00   ea3379c96bfe87ba5844d796d226aaca
  production: 2017-09-10T01:04:37-04:00
assets/audio.min.js:
  development: 2017-09-10T01:05:40-04:00   21257b9fbcd0f0304f082c568af3f3ca
  production: 2017-09-10T01:05:40-04:00
assets/audiojs.swf:
  development: 2017-09-10T01:05:53-04:00   d76895cb8812fee74fc5d7e8ce01c88b
  production: 2017-09-10T01:05:53-04:00
assets/bx_loader.gif:
  development: 2017-09-10T01:04:35-04:00   931bdb6b50816b03206c66921760b246
  production: 2017-09-10T01:04:35-04:00
assets/coming-soon-transparent.gif:
  development: 2017-09-10T01:20:31-04:00   bd40e8975479ba0c4e36d8fd0578efc1
assets/controls.png:
  development: 2017-09-10T01:04:27-04:00   d9d25372f38c6b242b9b51d5841fe86e
  production: 2017-09-10T01:04:27-04:00
assets/fastclick.min.js:
  development: 2017-09-10T01:04:57-04:00   4c68290ccc4d503561895dff0821621f
  production: 2017-09-10T01:04:57-04:00
assets/gift-card.js:
  development: 2017-09-10T00:33:19-04:00   d98dc5c9afcd8397babfd08c06e9899a
  production: 2017-09-10T00:33:19-04:00
assets/gift-card.scss.liquid:
  development: 2017-09-10T01:05:00-04:00   8923f11ad2d5ea4d314e864bd600aad7
  production: 2017-09-10T01:05:00-04:00
assets/handlebars.min.js:
  development: 2017-09-10T01:06:08-04:00   b3c11508a224ee83f86e2fc6491e9751
  production: 2017-09-10T01:06:08-04:00
assets/ico-select.svg.liquid:
  development: 2017-09-10T00:33:20-04:00   28de0c672609528b7c55f6f47810784b
  production: 2017-09-10T00:33:20-04:00
assets/icons.eot:
  development: 2017-09-10T01:05:26-04:00   6499aa740322bffbb6e26ebadf450c4a
  production: 2017-09-10T01:05:26-04:00
assets/icons.json:
  development: 2017-09-10T01:05:13-04:00   6f9018585c3e215e29cef8e390091787
  production: 2017-09-10T01:05:13-04:00
assets/icons.svg:
  development: 2017-09-10T01:05:05-04:00   1f568afd815839eae6eb796a52a497a6
  production: 2017-09-10T01:05:05-04:00
assets/icons.ttf:
  development: 2017-09-10T01:06:03-04:00   0678272006d7b08a523ae6973a72d181
  production: 2017-09-10T01:06:03-04:00
assets/icons.woff:
  development: 2017-09-10T01:05:26-04:00   6d64bee3b4d239a6cf6af98045a95954
  production: 2017-09-10T01:05:26-04:00
assets/jquery.bxslider.css:
  development: 2017-09-10T01:04:58-04:00   13248109f6750b5676bd6cc17a73900d
  production: 2017-09-10T01:04:58-04:00
assets/jquery.bxslider.js:
  development: 2017-09-10T01:04:43-04:00   f3727b172781e64f56fd4001d0db227f
  production: 2017-09-10T01:04:43-04:00
assets/jquery.bxslider.min.css:
  development: 2017-09-10T01:05:07-04:00   fa1cc03c53efa6fb1e2e81223c53135c
  production: 2017-09-10T01:05:07-04:00
assets/jquery.bxslider.min.js:
  development: 2017-09-10T01:05:41-04:00   acd32d88936a9f9f4d4052571e1f497b
  production: 2017-09-10T01:05:41-04:00
assets/match-media.min.js:
  development: 2017-09-10T00:33:20-04:00   d0bf06c458a236dcca39b3be8cf80ec5
  production: 2017-09-10T00:33:20-04:00
assets/milfdad-logo.png:
  development: 2017-09-10T01:05:40-04:00   a740dea769da489c6005a2ec2d2d8a1b
  production: 2017-09-10T01:05:40-04:00
assets/milfdad-quad-color-logo.png:
  development: 2017-09-10T01:04:58-04:00   5616c673df83422850a100ec4ea104c6
  production: 2017-09-10T01:04:58-04:00
assets/milfdadpasswordgif.gif:
  development: 2017-09-10T01:19:44-04:00   90bd414d53500d7fac6ed4fbcbd148fe
assets/modernizr.min.js:
  development: 2017-09-10T01:05:33-04:00   dc21cffad945a84cbbe770d52b1a0ded
  production: 2017-09-10T01:05:33-04:00
assets/password.js:
  development: 2017-09-10T00:33:20-04:00   c6b4c16234704306bbb6129d04d7e78e
  production: 2017-09-10T00:33:20-04:00
assets/pic1.jpg:
  development: 2017-09-10T01:05:47-04:00   41b558ae48960706298d93057d23667c
  production: 2017-09-10T01:05:47-04:00
assets/pic2.jpg:
  development: 2017-09-10T01:06:07-04:00   23925db499b1dab428d9a87e2385582d
  production: 2017-09-10T01:06:07-04:00
assets/pic3.jpg:
  development: 2017-09-10T01:05:47-04:00   33f9038e37f5b80b1b4f263424a6cae3
  production: 2017-09-10T01:05:47-04:00
assets/player-graphics.gif:
  development: 2017-09-10T01:04:52-04:00   9a30a4e60ee49fba2db43a58363abce7
  production: 2017-09-10T01:04:52-04:00
assets/respond-proxy.html:
  development: 2017-09-10T01:04:54-04:00   75002d74a330bff6bf069284da503b4c
  production: 2017-09-10T01:04:54-04:00
assets/respond.min.js:
  development: 2017-09-10T01:05:54-04:00   a2684e9b8fa50d6d11c56a9ada068528
  production: 2017-09-10T01:05:54-04:00
assets/soldout.png:
  development: 2017-09-10T01:04:50-04:00   6a7697db19e17aae7568e216c2b365af
  production: 2017-09-10T01:04:50-04:00
assets/stockist-bg.png:
  development: 2017-09-10T01:20:12-04:00   8c6a27f7541a9f782beede74eff3b18c
assets/theme.js:
  development: 2017-09-10T01:05:45-04:00   b1fb7aab377707882519097f86b9b463
  production: 2017-09-10T01:05:45-04:00
assets/theme.js___jb_old___:
  development: '2017-09-10T01:19:20-04:00   '
assets/theme.scss.liquid:
  development: 2017-09-10T01:20:30-04:00   e4c5e0e41c0b362402a02bbb339ae245
  production: 2017-09-10T00:33:20-04:00
assets/timber.js.liquid:
  development: 2017-09-10T01:06:02-04:00   8663e17d15e94386b5d6fb7c3e44b0bf
  production: 2017-09-10T01:06:02-04:00
assets/timber.scss.liquid:
  development: 2017-09-10T01:04:47-04:00   4a7c5118458295363c6f3905cd3bd92c
  production: 2017-09-10T01:04:47-04:00
assets/vendor.js:
  development: 2017-09-10T01:05:39-04:00   f4b881d6530a009ac828273e6ac95274
  production: 2017-09-10T01:05:39-04:00
layout/gift_card.liquid:
  development: 2017-09-10T00:33:20-04:00   876374b0950e11992ce087d1d2bad3c8
  production: 2017-09-10T00:33:20-04:00
layout/password.liquid:
  development: 2017-09-10T01:19:28-04:00   a7fc8a3e2ee0306abab6cb3773ff4ccc
  production: 2017-09-10T00:33:20-04:00
layout/theme.liquid:
  development: 2017-09-10T01:05:54-04:00   fe61fb28e696cc92218a04deab1e59ba
  production: 2017-09-10T01:05:54-04:00
locales/de.json:
  development: 2017-09-10T01:06:13-04:00   573aafe6f0d5eeb69c7edf598c7e450f
  production: 2017-09-10T01:06:13-04:00
locales/en.default.json:
  development: 2017-09-10T01:04:42-04:00   e2f61f2e8e4c263b50c1cf3d2cbcad69
  production: 2017-09-10T01:04:42-04:00
locales/es.json:
  development: 2017-09-10T01:05:32-04:00   fc9e07ccfc18204b431afb7b07628957
  production: 2017-09-10T01:05:32-04:00
locales/fr.json:
  development: 2017-09-10T01:05:43-04:00   be215dbfa9c9acbf71b949e717c919f8
  production: 2017-09-10T01:05:43-04:00
locales/pt-BR.json:
  development: 2017-09-10T01:20:07-04:00   40f10b2fc6f72280eaffab2181e6334f
  production: 2017-09-10T00:33:22-04:00
locales/pt-PT.json:
  development: 2017-09-10T01:05:41-04:00   6bc34602b6d9aac5c70ebdda1ffc3680
  production: 2017-09-10T01:05:41-04:00
sections/article-gallery-template.liquid:
  development: 2017-09-10T01:05:38-04:00   e7bef2b51df60774b34f608b1d1087b8
  production: 2017-09-10T01:05:38-04:00
sections/article-template.liquid:
  development: 2017-09-10T00:33:17-04:00   6850937aeb295fae74ca4dec2a6922bb
  production: 2017-09-10T00:33:17-04:00
sections/blog-gallery-template.liquid:
  development: 2017-09-10T01:19:42-04:00   57fd92e17977c97ecd566afa6930494b
sections/blog-template.liquid:
  development: 2017-09-10T01:05:18-04:00   fa28b8ed255719a542d61f53ee3dac01
  production: 2017-09-10T01:05:18-04:00
sections/cart-template.liquid:
  development: 2017-09-10T01:04:41-04:00   e9d53e21e0b2ed55127d981a36ac3563
  production: 2017-09-10T01:04:41-04:00
sections/collection-list.liquid:
  development: 2017-09-10T01:04:45-04:00   32101d3f3df7e75f4fe4da23ee3ec264
  production: 2017-09-10T01:04:45-04:00
sections/collection-template.liquid:
  development: 2017-09-10T01:04:55-04:00   01a57b18d602b267af66f773adcfdafb
  production: 2017-09-10T01:04:55-04:00
sections/collection.liquid:
  development: 2017-09-10T01:05:29-04:00   c6f458c1329bea47ae3cbb08658c355e
  production: 2017-09-10T01:05:29-04:00
sections/custom-content.liquid:
  development: 2017-09-10T01:05:43-04:00   998d36f53d3ebb250940ec56d887c989
  production: 2017-09-10T01:05:43-04:00
sections/feature-columns.liquid:
  development: 2017-09-10T01:05:35-04:00   c4d3c31528e45e6db97db5fc379b867a
  production: 2017-09-10T01:05:35-04:00
sections/feature-row.liquid:
  development: 2017-09-10T01:04:46-04:00   bedd6255398824bb0739a2544d1bfff6
  production: 2017-09-10T01:04:46-04:00
sections/featured-blog.liquid:
  development: 2017-09-10T01:04:23-04:00   d05914197892c67f1832c1fd41964987
  production: 2017-09-10T01:04:23-04:00
sections/featured-product.liquid:
  development: 2017-09-10T01:05:44-04:00   026b5927091828d27795fabbb96fdc74
  production: 2017-09-10T01:05:44-04:00
sections/floating-element.liquid:
  development: 2017-09-10T01:04:27-04:00   60f957d302dd7ddd436fdb3e0997c9ab
  production: 2017-09-10T01:04:27-04:00
sections/floating-url.liquid:
  development: 2017-09-10T01:04:29-04:00   60eec8003978720ec5ab8662620641d7
  production: 2017-09-10T01:04:29-04:00
sections/floating-video.liquid:
  development: 2017-09-10T01:05:00-04:00   607600afaa3d61748733d0096a974401
  production: 2017-09-10T01:05:00-04:00
sections/footer.liquid:
  development: 2017-09-10T01:05:38-04:00   2ddba6f76621158e4dc0cf0cd6ecbd42
  production: 2017-09-10T01:05:38-04:00
sections/header.liquid:
  development: 2017-09-10T01:05:07-04:00   859684b5c0946ca0ce44f29c305cb102
  production: 2017-09-10T01:05:07-04:00
sections/hero.liquid:
  development: 2017-09-10T01:05:05-04:00   51d85eb2d1bfca44ecb1aa1c15506d3a
  production: 2017-09-10T01:05:05-04:00
sections/image-bar.liquid:
  development: 2017-09-10T01:05:44-04:00   761ac1ba18fdb2f4e15a6b14948b3c10
  production: 2017-09-10T01:05:44-04:00
sections/list-collections-template.liquid:
  development: 2017-09-10T00:33:18-04:00   3039da18483e52dcf6e6d354ac533cb6
  production: 2017-09-10T00:33:18-04:00
sections/logo-bar.liquid:
  development: 2017-09-10T01:05:46-04:00   ed6ef8bae1c3c1e655b65b5e9124dec8
  production: 2017-09-10T01:05:46-04:00
sections/map.liquid:
  development: 2017-09-10T01:05:43-04:00   247aa58a05aae752a3ac018fe0970cd5
  production: 2017-09-10T01:05:43-04:00
sections/newsletter.liquid:
  development: 2017-09-10T01:05:50-04:00   3186533ac5d1daf022b9e1eb612c094a
  production: 2017-09-10T01:05:50-04:00
sections/password-content.liquid:
  development: 2017-09-10T00:33:18-04:00   a3f9a878372b9cc4908dedc0257b9c0e
  production: 2017-09-10T00:33:18-04:00
sections/password-footer.liquid:
  development: 2017-09-10T01:19:49-04:00   3b032031567e23c6c242a3537b54da1f
  production: 2017-09-10T00:33:18-04:00
sections/password-header.liquid:
  development: 2017-09-10T01:05:32-04:00   79a127157bb6d086a4b2c4777a564e03
  production: 2017-09-10T01:05:32-04:00
sections/product-template.liquid:
  development: 2017-09-10T01:05:15-04:00   724cde33f492160836fc66186be0c656
  production: 2017-09-10T01:05:15-04:00
sections/quotes.liquid:
  development: 2017-09-10T01:04:31-04:00   b234ffff9a061befe87a0d69a121af1c
  production: 2017-09-10T01:04:31-04:00
sections/sidebar.liquid:
  development: 2017-09-10T01:05:07-04:00   879beae591830f7256900fe579fd0ffd
  production: 2017-09-10T01:05:07-04:00
sections/slideshow.liquid:
  development: 2017-09-10T01:05:53-04:00   42042acf3099564a4fa871a9f6886b79
  production: 2017-09-10T01:05:53-04:00
snippets/ajax-cart-template.liquid:
  development: 2017-09-10T01:05:19-04:00   e6fa15367ab47a164d9dc8e47353c684
  production: 2017-09-10T01:05:19-04:00
snippets/blog-sidebar.liquid:
  development: 2017-09-10T01:05:47-04:00   ae3891e372509ded7074e50b2a97f438
  production: 2017-09-10T01:05:47-04:00
snippets/bottom-logo.liquid:
  development: 2017-09-10T01:05:12-04:00   b18b3886c84244c419e381c888984cbb
  production: 2017-09-10T01:05:12-04:00
snippets/breadcrumb.liquid:
  development: 2017-09-10T01:05:57-04:00   7bf89ebc6f2f46288fa59aa305a42514
  production: 2017-09-10T01:05:57-04:00
snippets/center-logo.liquid:
  development: 2017-09-10T01:04:24-04:00   a76029bd74ecae6f927c20fc19d10b2c
  production: 2017-09-10T01:04:24-04:00
snippets/center-logo.liquid___jb_tmp___:
  development: '2017-09-10T01:19:23-04:00   '
snippets/coin.liquid:
  development: 2017-09-10T01:05:15-04:00   daa69390dade936c9ee35a077446a295
  production: 2017-09-10T01:05:15-04:00
snippets/collection-grid-item.liquid:
  development: 2017-09-10T01:05:17-04:00   ff6445336942eb1e1b13161cdb75c4fd
  production: 2017-09-10T01:05:17-04:00
snippets/collection-sidebar.liquid:
  development: 2017-09-10T01:04:53-04:00   b53274904cf2b47ce2fb4c3e6d632bb3
  production: 2017-09-10T01:04:53-04:00
snippets/collection-sorting.liquid:
  development: 2017-09-10T01:05:36-04:00   d369d2d4697110800946220909e8ecf8
  production: 2017-09-10T01:05:36-04:00
snippets/comment.liquid:
  development: 2017-09-10T00:33:21-04:00   50406c82467014e1bbe15a62685b2536
  production: 2017-09-10T00:33:21-04:00
snippets/google-fonts.liquid:
  development: 2017-09-10T00:33:21-04:00   377ddc183ac7882100f47299bb8e0467
  production: 2017-09-10T00:33:21-04:00
snippets/icon-amazon_payments.liquid:
  development: 2017-09-10T00:33:21-04:00   f1ad8ba26dd5b98117703ede5357e408
  production: 2017-09-10T00:33:21-04:00
snippets/icon-american_express.liquid:
  development: 2017-09-10T00:33:21-04:00   9da829decce6867b8de60a183c94d099
  production: 2017-09-10T00:33:21-04:00
snippets/icon-apple_pay.liquid:
  development: 2017-09-10T00:33:21-04:00   e82e7acc46479ea2173926f8fad55db0
  production: 2017-09-10T00:33:21-04:00
snippets/icon-arrow-left.liquid:
  development: 2017-09-10T00:33:21-04:00   5abf8c4c69967103f685014dcc88a6e7
  production: 2017-09-10T00:33:21-04:00
snippets/icon-arrow-right.liquid:
  development: 2017-09-10T00:33:21-04:00   45f24673c43655e9275d1ba99d814374
  production: 2017-09-10T00:33:21-04:00
snippets/icon-bitcoin.liquid:
  development: 2017-09-10T00:33:21-04:00   d8cb31e0401818c1cb852348b6f27420
  production: 2017-09-10T00:33:21-04:00
snippets/icon-cart.liquid:
  development: 2017-09-10T00:33:21-04:00   c9de61c7db365e0090f7ca5423b633e6
  production: 2017-09-10T00:33:21-04:00
snippets/icon-chevron-down.liquid:
  development: 2017-09-10T00:33:21-04:00   7d3a8cd08370aa9d2a88ae542446a181
  production: 2017-09-10T00:33:21-04:00
snippets/icon-chevron-left.liquid:
  development: 2017-09-10T00:33:21-04:00   6290d56c32e8ac47abe4a4f4d90ed032
  production: 2017-09-10T00:33:21-04:00
snippets/icon-chevron-right.liquid:
  development: 2017-09-10T00:33:21-04:00   41842e53e7b826a0d260e2ccffbfdab1
  production: 2017-09-10T00:33:21-04:00
snippets/icon-chevron-up.liquid:
  development: 2017-09-10T00:33:21-04:00   4df1e02c8789418fc53d48e2913daf49
  production: 2017-09-10T00:33:21-04:00
snippets/icon-cirrus.liquid:
  development: 2017-09-10T00:33:21-04:00   fcbd6ce7e38d7946c921c8ed6ad5ca71
  production: 2017-09-10T00:33:21-04:00
snippets/icon-close.liquid:
  development: 2017-09-10T00:33:21-04:00   a04fce17a63e760b9bce76768ee29feb
  production: 2017-09-10T00:33:21-04:00
snippets/icon-dankort.liquid:
  development: 2017-09-10T00:33:21-04:00   796e1e822b3e46784d303b48c9db5b29
  production: 2017-09-10T00:33:21-04:00
snippets/icon-diners_club.liquid:
  development: 2017-09-10T00:33:21-04:00   cf70ea54486bb14c286264f90dab9ff8
  production: 2017-09-10T00:33:21-04:00
snippets/icon-discover.liquid:
  development: 2017-09-10T00:33:21-04:00   b43221b39bc3df37f7e6c7810d3e54d8
  production: 2017-09-10T00:33:21-04:00
snippets/icon-dogecoin.liquid:
  development: 2017-09-10T00:33:21-04:00   6a35f5db9eb93d1ed563c6989ff30798
  production: 2017-09-10T00:33:21-04:00
snippets/icon-dwolla.liquid:
  development: 2017-09-10T00:33:21-04:00   aeb86f67aad84adaf7635d2043cb89a9
  production: 2017-09-10T00:33:21-04:00
snippets/icon-facebook.liquid:
  development: 2017-09-10T00:33:21-04:00   334588042b292f2d7335fd2791c35eca
  production: 2017-09-10T00:33:21-04:00
snippets/icon-forbrugsforeningen.liquid:
  development: 2017-09-10T00:33:21-04:00   ff962a94f23046340766c215b0f14a52
  production: 2017-09-10T00:33:21-04:00
snippets/icon-hamburger.liquid:
  development: 2017-09-10T00:33:21-04:00   559577e06ff14924311cfe2642e8b765
  production: 2017-09-10T00:33:21-04:00
snippets/icon-instagram.liquid:
  development: 2017-09-10T01:20:02-04:00   77b8298e6fd38705b9bb345bc645553e
  production: 2017-09-10T00:33:21-04:00
snippets/icon-interac.liquid:
  development: 2017-09-10T00:33:21-04:00   24c4d22a98c0574c32fc02fe39e34b80
  production: 2017-09-10T00:33:21-04:00
snippets/icon-jcb.liquid:
  development: 2017-09-10T00:33:21-04:00   275259ce80a1b368d0e5afcf7d6bb6f3
  production: 2017-09-10T00:33:21-04:00
snippets/icon-laser.liquid:
  development: 2017-09-10T00:33:21-04:00   bd1a0ecfe958b6a6e84bf80e0669a6da
  production: 2017-09-10T00:33:21-04:00
snippets/icon-litecoin.liquid:
  development: 2017-09-10T00:33:21-04:00   051dfcb36fa17b532a087b12f0a49e0e
  production: 2017-09-10T00:33:21-04:00
snippets/icon-lock.liquid:
  development: 2017-09-10T00:33:21-04:00   60ae7ba03d14efa582faed8855821a58
  production: 2017-09-10T00:33:21-04:00
snippets/icon-login.liquid:
  development: 2017-09-10T00:33:21-04:00   9a74bdaac402576390ca1dbdc9e7869c
  production: 2017-09-10T00:33:21-04:00
snippets/icon-maestro.liquid:
  development: 2017-09-10T00:33:21-04:00   b987e558ecad607661489939ec8ca524
  production: 2017-09-10T00:33:21-04:00
snippets/icon-master.liquid:
  development: 2017-09-10T00:33:21-04:00   7be93970b63c2fd0e2b319a35c00a9d7
  production: 2017-09-10T00:33:21-04:00
snippets/icon-minus.liquid:
  development: 2017-09-10T00:33:21-04:00   78c513424d498299e865f8a242823ad0
  production: 2017-09-10T00:33:21-04:00
snippets/icon-pause.liquid:
  development: 2017-09-10T00:33:21-04:00   99e785a63af3ab0a7ccd9c5551ea8910
  production: 2017-09-10T00:33:21-04:00
snippets/icon-paypal.liquid:
  development: 2017-09-10T00:33:21-04:00   1b0d7db160b229b8519cccf2514ee676
  production: 2017-09-10T00:33:21-04:00
snippets/icon-pinterest.liquid:
  development: 2017-09-10T00:33:21-04:00   701f2a785b3fa83d63e3ab54af060031
  production: 2017-09-10T00:33:21-04:00
snippets/icon-play-video.liquid:
  development: 2017-09-10T00:33:21-04:00   f0b736a271f33b83b319b2d04e61aa2b
  production: 2017-09-10T00:33:21-04:00
snippets/icon-play.liquid:
  development: 2017-09-10T00:33:21-04:00   31ff2901a9fd0f32ebc4c05748e7aa5d
  production: 2017-09-10T00:33:21-04:00
snippets/icon-plus.liquid:
  development: 2017-09-10T00:33:21-04:00   ba5297f64eb7ea97f1785e8166e11231
  production: 2017-09-10T00:33:21-04:00
snippets/icon-quote.liquid:
  development: 2017-09-10T00:33:21-04:00   e710949f7a142dfc3c4fac15c33bb2fa
  production: 2017-09-10T00:33:21-04:00
snippets/icon-rss.liquid:
  development: 2017-09-10T00:33:21-04:00   6493d6bcb850513a55823d4ff62b0f8b
  production: 2017-09-10T00:33:21-04:00
snippets/icon-search.liquid:
  development: 2017-09-10T00:33:21-04:00   7a6bf8d43770ed3a16cb22001718b87e
  production: 2017-09-10T00:33:21-04:00
snippets/icon-shopify-logo.liquid:
  development: 2017-09-10T00:33:21-04:00   3f0b70f9e01be5b25507d25a732ecde7
  production: 2017-09-10T00:33:21-04:00
snippets/icon-snapchat.liquid:
  development: 2017-09-10T00:33:21-04:00   9ed6937e3232c9034976be2b8ed9f673
  production: 2017-09-10T00:33:21-04:00
snippets/icon-stripe.liquid:
  development: 2017-09-10T00:33:21-04:00   208713954dff9de98f800df59763615d
  production: 2017-09-10T00:33:21-04:00
snippets/icon-tumblr.liquid:
  development: 2017-09-10T00:33:21-04:00   d71a4ada77a8a9b6bd792bdafef393de
  production: 2017-09-10T00:33:21-04:00
snippets/icon-twitter.liquid:
  development: 2017-09-10T00:33:21-04:00   24047c22697a23a0baabf2804adc6c11
  production: 2017-09-10T00:33:21-04:00
snippets/icon-vimeo.liquid:
  development: 2017-09-10T00:33:21-04:00   a229ed8a1a81e6ef95ad621f8a34efb6
  production: 2017-09-10T00:33:21-04:00
snippets/icon-visa.liquid:
  development: 2017-09-10T00:33:21-04:00   9098533cd59e385d2672f6d8b7fa4b04
  production: 2017-09-10T00:33:21-04:00
snippets/icon-youtube.liquid:
  development: 2017-09-10T00:33:21-04:00   9d72c5bc3eaa14a3e7aefd921881b1ae
  production: 2017-09-10T00:33:21-04:00
snippets/no-blocks.liquid:
  development: 2017-09-10T00:33:22-04:00   0cb7d758b6df0feb07ae5804b4b627fa
  production: 2017-09-10T00:33:22-04:00
snippets/oldIE-js.liquid:
  development: 2017-09-10T01:04:54-04:00   1197cc7109944206a600ed5caaef6a6f
  production: 2017-09-10T01:04:54-04:00
snippets/onboarding-empty-collection.liquid:
  development: 2017-09-10T01:05:57-04:00   b25d81b4ba1c3e279fa58a5aade16b43
  production: 2017-09-10T01:05:57-04:00
snippets/onboarding-featured-collections.liquid:
  development: 2017-09-10T01:05:34-04:00   63d3e42eb5e78f32bdd7d7bb96c2aa81
  production: 2017-09-10T01:05:34-04:00
snippets/onboarding-featured-products.liquid:
  development: 2017-09-10T01:04:32-04:00   6a32fc5786e0f1dc98a1f75897fca8b3
  production: 2017-09-10T01:04:32-04:00
snippets/pagination.liquid:
  development: 2017-09-10T00:33:22-04:00   21eb22fbf93da5d96f2d111ce4784463
  production: 2017-09-10T00:33:22-04:00
snippets/product-card-grid.liquid:
  development: 2017-09-10T01:05:39-04:00   e32408fa638d8030296a3cc572940bf2
  production: 2017-09-10T01:05:39-04:00
snippets/product-card-list.liquid:
  development: 2017-09-10T00:33:22-04:00   701fa6db04bd9c70283028cc4274fc2f
  production: 2017-09-10T00:33:22-04:00
snippets/product-grid-item.liquid:
  development: 2017-09-10T01:04:30-04:00   5c056a854988fba46c535845cd5aeba1
  production: 2017-09-10T01:04:30-04:00
snippets/product-price.liquid:
  development: 2017-09-10T01:04:52-04:00   89e71c84a4d08abd3caddccff8499028
  production: 2017-09-10T01:04:52-04:00
snippets/respond.liquid:
  development: 2017-09-10T01:05:56-04:00   ca6abf0635dc2ad8c6bd377f83c79f6b
  production: 2017-09-10T01:05:56-04:00
snippets/search-bar.liquid:
  development: 2017-09-10T01:05:18-04:00   733af687725a8174f1348c58f0d5a3e4
  production: 2017-09-10T01:05:18-04:00
snippets/search-form.liquid:
  development: 2017-09-10T01:04:43-04:00   95dcd63d0d12b49c01954d98f24b6d51
  production: 2017-09-10T01:04:43-04:00
snippets/site-nav.liquid:
  development: 2017-09-10T01:05:30-04:00   62dbe60a8b70ff67e937576e3fb5ddda
  production: 2017-09-10T01:05:30-04:00
snippets/social-meta-tags.liquid:
  development: 2017-09-10T00:33:22-04:00   af4fb21aab8094078da2ff27c8766ad5
  production: 2017-09-10T00:33:22-04:00
snippets/social-sharing.liquid:
  development: 2017-09-10T01:19:52-04:00   68ca800d69b7a6c7b7a2fcfec1549c4c
  production: 2017-09-10T00:33:22-04:00
snippets/swatch.liquid:
  development: 2017-09-10T01:04:56-04:00   b1669bf96ed9de8bf3ebe5928bd81309
  production: 2017-09-10T01:04:56-04:00
snippets/tags-article.liquid:
  development: 2017-09-10T01:05:00-04:00   52bc59a44a51be2f1745559c2ba514a2
  production: 2017-09-10T01:05:00-04:00
templates/404.liquid:
  development: 2017-09-10T00:33:22-04:00   805b16263cdf5c85be9c507ad6b03623
  production: 2017-09-10T00:33:22-04:00
templates/article.liquid:
  development: 2017-09-10T01:05:54-04:00   73c43b3907974ca97e46134a5d6e07da
  production: 2017-09-10T01:05:54-04:00
templates/blog.liquid:
  development: 2017-09-10T01:05:43-04:00   f1391e980a5ec3ee384e218e15b2136b
  production: 2017-09-10T01:05:43-04:00
templates/cart.liquid:
  development: 2017-09-10T00:33:22-04:00   714b4b7c62d583b231f339bbd1b85d03
  production: 2017-09-10T00:33:22-04:00
templates/collection.liquid:
  development: 2017-09-10T00:33:22-04:00   5db0256874fca1cc72a6f068888fe095
  production: 2017-09-10T00:33:22-04:00
templates/collection.list.liquid:
  development: 2017-09-10T01:04:34-04:00   a1f281a34a1926f2c6d010dbbdeee210
  production: 2017-09-10T01:04:34-04:00
templates/customers/account.liquid:
  development: 2017-09-10T00:33:22-04:00   2150e58e96e6435f4449d4a71b395aa6
  production: 2017-09-10T00:33:22-04:00
templates/customers/activate_account.liquid:
  development: 2017-09-10T00:33:22-04:00   857243216dbada72fb0fc9bc256da757
  production: 2017-09-10T00:33:22-04:00
templates/customers/addresses.liquid:
  development: 2017-09-10T00:33:22-04:00   f430f4d7180c00a1e2c058124c26c0e9
  production: 2017-09-10T00:33:22-04:00
templates/customers/login.liquid:
  development: 2017-09-10T00:33:22-04:00   28ed5c6acf621c8b4523bbc178f97955
  production: 2017-09-10T00:33:22-04:00
templates/customers/order.liquid:
  development: 2017-09-10T01:05:47-04:00   1293617a6f9aa8d346bce03b68d79921
  production: 2017-09-10T01:05:47-04:00
templates/customers/register.liquid:
  development: 2017-09-10T00:33:22-04:00   fcf72eba28fe5737b6be507228b2f5fc
  production: 2017-09-10T00:33:22-04:00
templates/customers/reset_password.liquid:
  development: 2017-09-10T00:33:22-04:00   e80703307e36b8b5dd428463bace82cc
  production: 2017-09-10T00:33:22-04:00
templates/gift_card.liquid:
  development: 2017-09-10T00:33:22-04:00   16c95e9922ddd30e37f0cf018e86597c
  production: 2017-09-10T00:33:22-04:00
templates/index.liquid:
  development: 2017-09-10T01:20:11-04:00   7dac97ea96cb385c658e286fa9208389
  production: 2017-09-10T00:33:22-04:00
templates/list-collections.liquid:
  development: 2017-09-10T00:33:22-04:00   d42f6d6957169811896f646709d353d9
  production: 2017-09-10T00:33:22-04:00
templates/page.bottom-logo.liquid:
  development: 2017-09-10T01:04:34-04:00   249e100e347ab09c33964e68d59b953f
  production: 2017-09-10T01:04:34-04:00
templates/page.contact.liquid:
  development: 2017-09-10T01:05:08-04:00   7c54955c118d6fa0586cd10316b29c4c
  production: 2017-09-10T01:05:08-04:00
templates/page.empty.liquid:
  development: 2017-09-10T01:04:35-04:00   442144881c83fec5c5d412874a81d8bb
  production: 2017-09-10T01:04:35-04:00
templates/page.liquid:
  development: 2017-09-10T01:04:55-04:00   156463f68a8bd5f3953a39544213aa8c
  production: 2017-09-10T01:04:55-04:00
templates/page.lookbook.liquid:
  development: 2017-09-10T01:05:44-04:00   47abfda0a61a76ba57da037c91622440
  production: 2017-09-10T01:05:44-04:00
templates/page.modalDisclaimer.liquid:
  development: 2017-09-10T01:05:43-04:00   68b329da9893e34099c7d8ad5cb9c940
  production: 2017-09-10T01:05:43-04:00
templates/page.stockists.liquid:
  development: 2017-09-10T01:05:53-04:00   a4412319f078c78f7fba47989ab893de
  production: 2017-09-10T01:05:53-04:00
templates/password.liquid:
  development: 2017-09-10T00:33:22-04:00   30d1743d26765ce8c3fa53a3fdf9524f
  production: 2017-09-10T00:33:22-04:00
templates/product.liquid:
  development: 2017-09-10T00:33:22-04:00   104c9411752892755502b61349a31329
  production: 2017-09-10T00:33:22-04:00
templates/search.liquid:
  development: 2017-09-10T00:33:22-04:00   6e8bfd01622f992bf20c908bfb83337d
  production: 2017-09-10T00:33:22-04:00
